PODS:
  - SpinWheelControl (0.1.5)

DEPENDENCIES:
  - SpinWheelControl

SPEC REPOS:
  https://github.com/cocoapods/specs.git:
    - SpinWheelControl

SPEC CHECKSUMS:
  SpinWheelControl: a4c151fc62fcbed65b31804d0022f7161c47cc2b

PODFILE CHECKSUM: f3deb63d8c066bf97482fe3fb609cff5e1d5cc8a

COCOAPODS: 1.5.3
